
Microsoft Visual Studio Solution File, Format Version 12.00
# Visual Studio Version 16
VisualStudioVersion = 16.0.29709.97
MinimumVisualStudioVersion = 10.0.40219.1
Project("{9A19103F-16F7-4668-BE54-9A1E7A4F7556}") = "MyStage2", "MyStage2\MyStage2.csproj", "{2450CBDA-A7BB-426D-B481-189FBAC274F0}"
EndProject
Project("{FAE04EC0-301F-11D3-BF4B-00C04F79EFBC}") = "MyStage2Tests", "MyStage2Tests\MyStage2Tests.csproj", "{AB421484-C3E3-4CAB-AB22-EDD2A727295E}"
EndProject
Global
	GlobalSection(SolutionConfigurationPlatforms) = preSolution
		Debug|Any CPU = Debug|Any CPU
		Release|Any CPU = Release|Any CPU
	EndGlobalSection
	GlobalSection(ProjectConfigurationPlatforms) = postSolution
		{2450CBDA-A7BB-426D-B481-189FBAC274F0}.Debug|Any CPU.ActiveCfg = Debug|Any CPU
		{2450CBDA-A7BB-426D-B481-189FBAC274F0}.Debug|Any CPU.Build.0 = Debug|Any CPU
		{2450CBDA-A7BB-426D-B481-189FBAC274F0}.Release|Any CPU.ActiveCfg = Release|Any CPU
		{2450CBDA-A7BB-426D-B481-189FBAC274F0}.Release|Any CPU.Build.0 = Release|Any CPU
		{AB421484-C3E3-4CAB-AB22-EDD2A727295E}.Debug|Any CPU.ActiveCfg = Debug|Any CPU
		{AB421484-C3E3-4CAB-AB22-EDD2A727295E}.Debug|Any CPU.Build.0 = Debug|Any CPU
		{AB421484-C3E3-4CAB-AB22-EDD2A727295E}.Release|Any CPU.ActiveCfg = Release|Any CPU
		{AB421484-C3E3-4CAB-AB22-EDD2A727295E}.Release|Any CPU.Build.0 = Release|Any CPU
	EndGlobalSection
	GlobalSection(SolutionProperties) = preSolution
		HideSolutionNode = FALSE
	EndGlobalSection
	GlobalSection(ExtensibilityGlobals) = postSolution
		SolutionGuid = {7706FED5-D136-4A1C-8690-DBB3B6978CA9}
	EndGlobalSection
EndGlobal
